
Microsoft Visual Studio Solution File, Format Version 12.00
# Visual Studio Version 16
VisualStudioVersion = 16.0.30803.129
MinimumVisualStudioVersion = 10.0.40219.1
Project("{FAE04EC0-301F-11D3-BF4B-00C04F79EFBC}") = "BlazorAD", "BlazorAD\BlazorAD.csproj", "{A80E8E29-14B4-4CF9-88C9-49ACEBE33466}"
EndProject
Global
	GlobalSection(SolutionConfigurationPlatforms) = preSolution
		Debug|Any CPU = Debug|Any CPU
		Release|Any CPU = Release|Any CPU
	EndGlobalSection
	GlobalSection(ProjectConfigurationPlatforms) = postSolution
		{A80E8E29-14B4-4CF9-88C9-49ACEBE33466}.Debug|Any CPU.ActiveCfg = Debug|Any CPU
		{A80E8E29-14B4-4CF9-88C9-49ACEBE33466}.Debug|Any CPU.Build.0 = Debug|Any CPU
		{A80E8E29-14B4-4CF9-88C9-49ACEBE33466}.Release|Any CPU.ActiveCfg = Release|Any CPU
		{A80E8E29-14B4-4CF9-88C9-49ACEBE33466}.Release|Any CPU.Build.0 = Release|Any CPU
	EndGlobalSection
	GlobalSection(SolutionProperties) = preSolution
		HideSolutionNode = FALSE
	EndGlobalSection
	GlobalSection(ExtensibilityGlobals) = postSolution
		SolutionGuid = {6007322B-A667-48C8-AE68-1F91FE388EF0}
	EndGlobalSection
EndGlobal
